// !$*UTF8*$!
{
	archiveVersion = 1;
	classes = {
	};
	objectVersion = 77;
	objects = {

/* Begin PBXContainerItemProxy section */
		FF2C48DF2D29A6BE00D318B2 /* PBXContainerItemProxy */ = {
			isa = PBXContainerItemProxy;
			containerPortal = FF2C48C62D29A6BD00D318B2 /* Project object */;
			proxyType = 1;
			remoteGlobalIDString = FF2C48CD2D29A6BD00D318B2;
			remoteInfo = "LoadImageInternet?";
		};
		FF2C48E92D29A6BE00D318B2 /* PBXContainerItemProxy */ = {
			isa = PBXContainerItemProxy;
			containerPortal = FF2C48C62D29A6BD00D318B2 /* Project object */;
			proxyType = 1;
			remoteGlobalIDString = FF2C48CD2D29A6BD00D318B2;
			remoteInfo = "LoadImageInternet?";
		};
/* End PBXContainerItemProxy section */

/* Begin PBXFileReference section */
		FF2C48CE2D29A6BD00D318B2 /* LoadImageInternet?.app */ = {isa = PBXFileReference; explicitFileType = wrapper.application; includeInIndex = 0; path = "LoadImageInternet?.app"; sourceTree = BUILT_PRODUCTS_DIR; };
		FF2C48DE2D29A6BE00D318B2 /* LoadImageInternet?Tests.xctest */ = {isa = PBXFileReference; explicitFileType = wrapper.cfbundle; includeInIndex = 0; path = "LoadImageInternet?Tests.xctest"; sourceTree = BUILT_PRODUCTS_DIR; };
		FF2C48E82D29A6BE00D318B2 /* LoadImageInternet?UITests.xctest */ = {isa = PBXFileReference; explicitFileType = wrapper.cfbundle; includeInIndex = 0; path = "LoadImageInternet?UITests.xctest"; sourceTree = BUILT_PRODUCTS_DIR; };
/* End PBXFileReference section */

/* Begin PBXFileSystemSynchronizedRootGroup section */
		FF2C48D02D29A6BD00D318B2 /* LoadImageInternet? */ = {
			isa = PBXFileSystemSynchronizedRootGroup;
			path = "LoadImageInternet?";
			sourceTree = "<group>";
		};
		FF2C48E12D29A6BE00D318B2 /* LoadImageInternet?Tests */ = {
			isa = PBXFileSystemSynchronizedRootGroup;
			path = "LoadImageInternet?Tests";
			sourceTree = "<group>";
		};
		FF2C48EB2D29A6BE00D318B2 /* LoadImageInternet?UITests */ = {
			isa = PBXFileSystemSynchronizedRootGroup;
			path = "LoadImageInternet?UITests";
			sourceTree = "<group>";
		};
/* End PBXFileSystemSynchronizedRootGroup section */

/* Begin PBXFrameworksBuildPhase section */
		FF2C48CB2D29A6BD00D318B2 /* Frameworks */ = {
			isa = PBXFrameworksBuildPhase;
			buildActionMask = 2147483647;
			files = (
			);
			runOnlyForDeploymentPostprocessing = 0;
		};
		FF2C48DB2D29A6BE00D318B2 /* Frameworks */ = {
			isa = PBXFrameworksBuildPhase;
			buildActionMask = 2147483647;
			files = (
			);
			runOnlyForDeploymentPostprocessing = 0;
		};
		FF2C48E52D29A6BE00D318B2 /* Frameworks */ = {
			isa = PBXFrameworksBuildPhase;
			buildActionMask = 2147483647;
			files = (
			);
			runOnlyForDeploymentPostprocessing = 0;
		};
/* End PBXFrameworksBuildPhase section */

/* Begin PBXGroup section */
		FF2C48C52D29A6BD00D318B2 = {
			isa = PBXGroup;
			children = (
				FF2C48D02D29A6BD00D318B2 /* LoadImageInternet? */,
				FF2C48E12D29A6BE00D318B2 /* LoadImageInternet?Tests */,
				FF2C48EB2D29A6BE00D318B2 /* LoadImageInternet?UITests */,
				FF2C48CF2D29A6BD00D318B2 /* Products */,
			);
			sourceTree = "<group>";
		};
		FF2C48CF2D29A6BD00D318B2 /* Products */ = {
			isa = PBXGroup;
			children = (
				FF2C48CE2D29A6BD00D318B2 /* LoadImageInternet?.app */,
				FF2C48DE2D29A6BE00D318B2 /* LoadImageInternet?Tests.xctest */,
				FF2C48E82D29A6BE00D318B2 /* LoadImageInternet?UITests.xctest */,
			);
			name = Products;
			sourceTree = "<group>";
		};
/* End PBXGroup section */

/* Begin PBXNativeTarget section */
		FF2C48CD2D29A6BD00D318B2 /* LoadImageInternet? */ = {
			isa = PBXNativeTarget;
			buildConfigurationList = FF2C48F22D29A6BE00D318B2 /* Build configuration list for PBXNativeTarget "LoadImageInternet?" */;
			buildPhases = (
				FF2C48CA2D29A6BD00D318B2 /* Sources */,
				FF2C48CB2D29A6BD00D318B2 /* Frameworks */,
				FF2C48CC2D29A6BD00D318B2 /* Resources */,
			);
			buildRules = (
			);
			dependencies = (
			);
			fileSystemSynchronizedGroups = (
				FF2C48D02D29A6BD00D318B2 /* LoadImageInternet? */,
			);
			name = "LoadImageInternet?";
			packageProductDependencies = (
			);
			productName = "LoadImageInternet?";
			productReference = FF2C48CE2D29A6BD00D318B2 /* LoadImageInternet?.app */;
			productType = "com.apple.product-type.application";
		};
		FF2C48DD2D29A6BE00D318B2 /* LoadImageInternet?Tests */ = {
			isa = PBXNativeTarget;
			buildConfigurationList = FF2C48F52D29A6BE00D318B2 /* Build configuration list for PBXNativeTarget "LoadImageInternet?Tests" */;
			buildPhases = (
				FF2C48DA2D29A6BE00D318B2 /* Sources */,
				FF2C48DB2D29A6BE00D318B2 /* Frameworks */,
				FF2C48DC2D29A6BE00D318B2 /* Resources */,
			);
			buildRules = (
			);
			dependencies = (
				FF2C48E02D29A6BE00D318B2 /* PBXTargetDependency */,
			);
			fileSystemSynchronizedGroups = (
				FF2C48E12D29A6BE00D318B2 /* LoadImageInternet?Tests */,
			);
			name = "LoadImageInternet?Tests";
			packageProductDependencies = (
			);
			productName = "LoadImageInternet?Tests";
			productReference = FF2C48DE2D29A6BE00D318B2 /* LoadImageInternet?Tests.xctest */;
			productType = "com.apple.product-type.bundle.unit-test";
		};
		FF2C48E72D29A6BE00D318B2 /* LoadImageInternet?UITests */ = {
			isa = PBXNativeTarget;
			buildConfigurationList = FF2C48F82D29A6BE00D318B2 /* Build configuration list for PBXNativeTarget "LoadImageInternet?UITests" */;
			buildPhases = (
				FF2C48E42D29A6BE00D318B2 /* Sources */,
				FF2C48E52D29A6BE00D318B2 /* Frameworks */,
				FF2C48E62D29A6BE00D318B2 /* Resources */,
			);
			buildRules = (
			);
			dependencies = (
				FF2C48EA2D29A6BE00D318B2 /* PBXTargetDependency */,
			);
			fileSystemSynchronizedGroups = (
				FF2C48EB2D29A6BE00D318B2 /* LoadImageInternet?UITests */,
			);
			name = "LoadImageInternet?UITests";
			packageProductDependencies = (
			);
			productName = "LoadImageInternet?UITests";
			productReference = FF2C48E82D29A6BE00D318B2 /* LoadImageInternet?UITests.xctest */;
			productType = "com.apple.product-type.bundle.ui-testing";
		};
/* End PBXNativeTarget section */

/* Begin PBXProject section */
		FF2C48C62D29A6BD00D318B2 /* Project object */ = {
			isa = PBXProject;
			attributes = {
				BuildIndependentTargetsInParallel = 1;
				LastSwiftUpdateCheck = 1620;
				LastUpgradeCheck = 1620;
				TargetAttributes = {
					FF2C48CD2D29A6BD00D318B2 = {
						CreatedOnToolsVersion = 16.2;
					};
					FF2C48DD2D29A6BE00D318B2 = {
						CreatedOnToolsVersion = 16.2;
						TestTargetID = FF2C48CD2D29A6BD00D318B2;
					};
					FF2C48E72D29A6BE00D318B2 = {
						CreatedOnToolsVersion = 16.2;
						TestTargetID = FF2C48CD2D29A6BD00D318B2;
					};
				};
			};
			buildConfigurationList = FF2C48C92D29A6BD00D318B2 /* Build configuration list for PBXProject "LoadImageInternet?" */;
			developmentRegion = en;
			hasScannedForEncodings = 0;
			knownRegions = (
				en,
				Base,
			);
			mainGroup = FF2C48C52D29A6BD00D318B2;
			minimizedProjectReferenceProxies = 1;
			preferredProjectObjectVersion = 77;
			productRefGroup = FF2C48CF2D29A6BD00D318B2 /* Products */;
			projectDirPath = "";
			projectRoot = "";
			targets = (
				FF2C48CD2D29A6BD00D318B2 /* LoadImageInternet? */,
				FF2C48DD2D29A6BE00D318B2 /* LoadImageInternet?Tests */,
				FF2C48E72D29A6BE00D318B2 /* LoadImageInternet?UITests */,
			);
		};
/* End PBXProject section */

/* Begin PBXResourcesBuildPhase section */
		FF2C48CC2D29A6BD00D318B2 /* Resources */ = {
			isa = PBXResourcesBuildPhase;
			buildActionMask = 2147483647;
			files = (
			);
			runOnlyForDeploymentPostprocessing = 0;
		};
		FF2C48DC2D29A6BE00D318B2 /* Resources */ = {
			isa = PBXResourcesBuildPhase;
			buildActionMask = 2147483647;
			files = (
			);
			runOnlyForDeploymentPostprocessing = 0;
		};
		FF2C48E62D29A6BE00D318B2 /* Resources */ = {
			isa = PBXResourcesBuildPhase;
			buildActionMask = 2147483647;
			files = (
			);
			runOnlyForDeploymentPostprocessing = 0;
		};
/* End PBXResourcesBuildPhase section */

/* Begin PBXSourcesBuildPhase section */
		FF2C48CA2D29A6BD00D318B2 /* Sources */ = {
			isa = PBXSourcesBuildPhase;
			buildActionMask = 2147483647;
			files = (
			);
			runOnlyForDeploymentPostprocessing = 0;
		};
		FF2C48DA2D29A6BE00D318B2 /* Sources */ = {
			isa = PBXSourcesBuildPhase;
			buildActionMask = 2147483647;
			files = (
			);
			runOnlyForDeploymentPostprocessing = 0;
		};
		FF2C48E42D29A6BE00D318B2 /* Sources */ = {
			isa = PBXSourcesBuildPhase;
			buildActionMask = 2147483647;
			files = (
			);
			runOnlyForDeploymentPostprocessing = 0;
		};
/* End PBXSourcesBuildPhase section */

/* Begin PBXTargetDependency section */
		FF2C48E02D29A6BE00D318B2 /* PBXTargetDependency */ = {
			isa = PBXTargetDependency;
			target = FF2C48CD2D29A6BD00D318B2 /* LoadImageInternet? */;
			targetProxy = FF2C48DF2D29A6BE00D318B2 /* PBXContainerItemProxy */;
		};
		FF2C48EA2D29A6BE00D318B2 /* PBXTargetDependency */ = {
			isa = PBXTargetDependency;
			target = FF2C48CD2D29A6BD00D318B2 /* LoadImageInternet? */;
			targetProxy = FF2C48E92D29A6BE00D318B2 /* PBXContainerItemProxy */;
		};
/* End PBXTargetDependency section */

/* Begin XCBuildConfiguration section */
		FF2C48F02D29A6BE00D318B2 /* Debug */ = {
			isa = XCBuildConfiguration;
			buildSettings = {
				ALWAYS_SEARCH_USER_PATHS = NO;
				ASSETCATALOG_COMPILER_GENERATE_SWIFT_ASSET_SYMBOL_EXTENSIONS = YES;
				CLANG_ANALYZER_NONNULL = YES;
				CLANG_ANALYZER_NUMBER_OBJECT_CONVERSION = YES_AGGRESSIVE;
				CLANG_CXX_LANGUAGE_STANDARD = "gnu++20";
				CLANG_ENABLE_MODULES = YES;
				CLANG_ENABLE_OBJC_ARC = YES;
				CLANG_ENABLE_OBJC_WEAK = YES;
				CLANG_WARN_BLOCK_CAPTURE_AUTORELEASING = YES;
				CLANG_WARN_BOOL_CONVERSION = YES;
				CLANG_WARN_COMMA = YES;
				CLANG_WARN_CONSTANT_CONVERSION = YES;
				CLANG_WARN_DEPRECATED_OBJC_IMPLEMENTATIONS = YES;
				CLANG_WARN_DIRECT_OBJC_ISA_USAGE = YES_ERROR;
				CLANG_WARN_DOCUMENTATION_COMMENTS = YES;
				CLANG_WARN_EMPTY_BODY = YES;
				CLANG_WARN_ENUM_CONVERSION = YES;
				CLANG_WARN_INFINITE_RECURSION = YES;
				CLANG_WARN_INT_CONVERSION = YES;
				CLANG_WARN_NON_LITERAL_NULL_CONVERSION = YES;
				CLANG_WARN_OBJC_IMPLICIT_RETAIN_SELF = YES;
				CLANG_WARN_OBJC_LITERAL_CONVERSION = YES;
				CLANG_WARN_OBJC_ROOT_CLASS = YES_ERROR;
				CLANG_WARN_QUOTED_INCLUDE_IN_FRAMEWORK_HEADER = YES;
				CLANG_WARN_RANGE_LOOP_ANALYSIS = YES;
				CLANG_WARN_STRICT_PROTOTYPES = YES;
				CLANG_WARN_SUSPICIOUS_MOVE = YES;
				CLANG_WARN_UNGUARDED_AVAILABILITY = YES_AGGRESSIVE;
				CLANG_WARN_UNREACHABLE_CODE = YES;
				CLANG_WARN__DUPLICATE_METHOD_MATCH = YES;
				COPY_PHASE_STRIP = NO;
				DEBUG_INFORMATION_FORMAT = dwarf;
				ENABLE_STRICT_OBJC_MSGSEND = YES;
				ENABLE_TESTABILITY = YES;
				ENABLE_USER_SCRIPT_SANDBOXING = YES;
				GCC_C_LANGUAGE_STANDARD = gnu17;
				GCC_DYNAMIC_NO_PIC = NO;
				GCC_NO_COMMON_BLOCKS = YES;
				GCC_OPTIMIZATION_LEVEL = 0;
				GCC_PREPROCESSOR_DEFINITIONS = (
					"DEBUG=1",
					"$(inherited)",
				);
				GCC_WARN_64_TO_32_BIT_CONVERSION = YES;
				GCC_WARN_ABOUT_RETURN_TYPE = YES_ERROR;
				GCC_WARN_UNDECLARED_SELECTOR = YES;
				GCC_WARN_UNINITIALIZED_AUTOS = YES_AGGRESSIVE;
				GCC_WARN_UNUSED_FUNCTION = YES;
				GCC_WARN_UNUSED_VARIABLE = YES;
				IPHONEOS_DEPLOYMENT_TARGET = 18.2;
				LOCALIZATION_PREFERS_STRING_CATALOGS = YES;
				MTL_ENABLE_DEBUG_INFO = INCLUDE_SOURCE;
				MTL_FAST_MATH = YES;
				ONLY_ACTIVE_ARCH = YES;
				SDKROOT = iphoneos;
				SWIFT_ACTIVE_COMPILATION_CONDITIONS = "DEBUG $(inherited)";
				SWIFT_OPTIMIZATION_LEVEL = "-Onone";
			};
			name = Debug;
		};
		FF2C48F12D29A6BE00D318B2 /* Release */ = {
			isa = XCBuildConfiguration;
			buildSettings = {
				ALWAYS_SEARCH_USER_PATHS = NO;
				ASSETCATALOG_COMPILER_GENERATE_SWIFT_ASSET_SYMBOL_EXTENSIONS = YES;
				CLANG_ANALYZER_NONNULL = YES;
				CLANG_ANALYZER_NUMBER_OBJECT_CONVERSION = YES_AGGRESSIVE;
				CLANG_CXX_LANGUAGE_STANDARD = "gnu++20";
				CLANG_ENABLE_MODULES = YES;
				CLANG_ENABLE_OBJC_ARC = YES;
				CLANG_ENABLE_OBJC_WEAK = YES;
				CLANG_WARN_BLOCK_CAPTURE_AUTORELEASING = YES;
				CLANG_WARN_BOOL_CONVERSION = YES;
				CLANG_WARN_COMMA = YES;
				CLANG_WARN_CONSTANT_CONVERSION = YES;
				CLANG_WARN_DEPRECATED_OBJC_IMPLEMENTATIONS = YES;
				CLANG_WARN_DIRECT_OBJC_ISA_USAGE = YES_ERROR;
				CLANG_WARN_DOCUMENTATION_COMMENTS = YES;
				CLANG_WARN_EMPTY_BODY = YES;
				CLANG_WARN_ENUM_CONVERSION = YES;
				CLANG_WARN_INFINITE_RECURSION = YES;
				CLANG_WARN_INT_CONVERSION = YES;
				CLANG_WARN_NON_LITERAL_NULL_CONVERSION = YES;
				CLANG_WARN_OBJC_IMPLICIT_RETAIN_SELF = YES;
				CLANG_WARN_OBJC_LITERAL_CONVERSION = YES;
				CLANG_WARN_OBJC_ROOT_CLASS = YES_ERROR;
				CLANG_WARN_QUOTED_INCLUDE_IN_FRAMEWORK_HEADER = YES;
				CLANG_WARN_RANGE_LOOP_ANALYSIS = YES;
				CLANG_WARN_STRICT_PROTOTYPES = YES;
				CLANG_WARN_SUSPICIOUS_MOVE = YES;
				CLANG_WARN_UNGUARDED_AVAILABILITY = YES_AGGRESSIVE;
				CLANG_WARN_UNREACHABLE_CODE = YES;
				CLANG_WARN__DUPLICATE_METHOD_MATCH = YES;
				COPY_PHASE_STRIP = NO;
				DEBUG_INFORMATION_FORMAT = "dwarf-with-dsym";
				ENABLE_NS_ASSERTIONS = NO;
				ENABLE_STRICT_OBJC_MSGSEND = YES;
				ENABLE_USER_SCRIPT_SANDBOXING = YES;
				GCC_C_LANGUAGE_STANDARD = gnu17;
				GCC_NO_COMMON_BLOCKS = YES;
				GCC_WARN_64_TO_32_BIT_CONVERSION = YES;
				GCC_WARN_ABOUT_RETURN_TYPE = YES_ERROR;
				GCC_WARN_UNDECLARED_SELECTOR = YES;
				GCC_WARN_UNINITIALIZED_AUTOS = YES_AGGRESSIVE;
				GCC_WARN_UNUSED_FUNCTION = YES;
				GCC_WARN_UNUSED_VARIABLE = YES;
				IPHONEOS_DEPLOYMENT_TARGET = 18.2;
				LOCALIZATION_PREFERS_STRING_CATALOGS = YES;
				MTL_ENABLE_DEBUG_INFO = NO;
				MTL_FAST_MATH = YES;
				SDKROOT = iphoneos;
				SWIFT_COMPILATION_MODE = wholemodule;
				VALIDATE_PRODUCT = YES;
			};
			name = Release;
		};
		FF2C48F32D29A6BE00D318B2 /* Debug */ = {
			isa = XCBuildConfiguration;
			buildSettings = {
				ASSETCATALOG_COMPILER_APPICON_NAME = AppIcon;
				ASSETCATALOG_COMPILER_GLOBAL_ACCENT_COLOR_NAME = AccentColor;
				CODE_SIGN_STYLE = Automatic;
				CURRENT_PROJECT_VERSION = 1;
				DEVELOPMENT_ASSET_PATHS = "\"LoadImageInternet?/Preview Content\"";
				ENABLE_PREVIEWS = YES;
				GENERATE_INFOPLIST_FILE = YES;
				INFOPLIST_KEY_UIApplicationSceneManifest_Generation = YES;
				INFOPLIST_KEY_UIApplicationSupportsIndirectInputEvents = YES;
				INFOPLIST_KEY_UILaunchScreen_Generation = YES;
				INFOPLIST_KEY_UISupportedInterfaceOrientations_iPad = "UIInterfaceOrientationPortrait UIInterfaceOrientationPortraitUpsideDown UIInterfaceOrientationLandscapeLeft UIInterfaceOrientationLandscapeRight";
				INFOPLIST_KEY_UISupportedInterfaceOrientations_iPhone = "UIInterfaceOrientationPortrait UIInterfaceOrientationLandscapeLeft UIInterfaceOrientationLandscapeRight";
				LD_RUNPATH_SEARCH_PATHS = (
					"$(inherited)",
					"@executable_path/Frameworks",
				);
				MARKETING_VERSION = 1.0;
				PRODUCT_BUNDLE_IDENTIFIER = "com.omerapaydin.LoadImageInternet-";
				PRODUCT_NAME = "$(TARGET_NAME)";
				SWIFT_EMIT_LOC_STRINGS = YES;
				SWIFT_VERSION = 5.0;
				TARGETED_DEVICE_FAMILY = "1,2";
			};
			name = Debug;
		};
		FF2C48F42D29A6BE00D318B2 /* Release */ = {
			isa = XCBuildConfiguration;
			buildSettings = {
				ASSETCATALOG_COMPILER_APPICON_NAME = AppIcon;
				ASSETCATALOG_COMPILER_GLOBAL_ACCENT_COLOR_NAME = AccentColor;
				CODE_SIGN_STYLE = Automatic;
				CURRENT_PROJECT_VERSION = 1;
				DEVELOPMENT_ASSET_PATHS = "\"LoadImageInternet?/Preview Content\"";
				ENABLE_PREVIEWS = YES;
				GENERATE_INFOPLIST_FILE = YES;
				INFOPLIST_KEY_UIApplicationSceneManifest_Generation = YES;
				INFOPLIST_KEY_UIApplicationSupportsIndirectInputEvents = YES;
				INFOPLIST_KEY_UILaunchScreen_Generation = YES;
				INFOPLIST_KEY_UISupportedInterfaceOrientations_iPad = "UIInterfaceOrientationPortrait UIInterfaceOrientationPortraitUpsideDown UIInterfaceOrientationLandscapeLeft UIInterfaceOrientationLandscapeRight";
				INFOPLIST_KEY_UISupportedInterfaceOrientations_iPhone = "UIInterfaceOrientationPortrait UIInterfaceOrientationLandscapeLeft UIInterfaceOrientationLandscapeRight";
				LD_RUNPATH_SEARCH_PATHS = (
					"$(inherited)",
					"@executable_path/Frameworks",
				);
				MARKETING_VERSION = 1.0;
				PRODUCT_BUNDLE_IDENTIFIER = "com.omerapaydin.LoadImageInternet-";
				PRODUCT_NAME = "$(TARGET_NAME)";
				SWIFT_EMIT_LOC_STRINGS = YES;
				SWIFT_VERSION = 5.0;
				TARGETED_DEVICE_FAMILY = "1,2";
			};
			name = Release;
		};
		FF2C48F62D29A6BE00D318B2 /* Debug */ = {
			isa = XCBuildConfiguration;
			buildSettings = {
				BUNDLE_LOADER = "$(TEST_HOST)";
				CODE_SIGN_STYLE = Automatic;
				CURRENT_PROJECT_VERSION = 1;
				GENERATE_INFOPLIST_FILE = YES;
				IPHONEOS_DEPLOYMENT_TARGET = 18.2;
				MARKETING_VERSION = 1.0;
				PRODUCT_BUNDLE_IDENTIFIER = "com.omerapaydin.LoadImageInternet-Tests";
				PRODUCT_NAME = "$(TARGET_NAME)";
				SWIFT_EMIT_LOC_STRINGS = NO;
				SWIFT_VERSION = 5.0;
				TARGETED_DEVICE_FAMILY = "1,2";
				TEST_HOST = "$(BUILT_PRODUCTS_DIR)/LoadImageInternet?.app/$(BUNDLE_EXECUTABLE_FOLDER_PATH)/LoadImageInternet?";
			};
			name = Debug;
		};
		FF2C48F72D29A6BE00D318B2 /* Release */ = {
			isa = XCBuildConfiguration;
			buildSettings = {
				BUNDLE_LOADER = "$(TEST_HOST)";
				CODE_SIGN_STYLE = Automatic;
				CURRENT_PROJECT_VERSION = 1;
				GENERATE_INFOPLIST_FILE = YES;
				IPHONEOS_DEPLOYMENT_TARGET = 18.2;
				MARKETING_VERSION = 1.0;
				PRODUCT_BUNDLE_IDENTIFIER = "com.omerapaydin.LoadImageInternet-Tests";
				PRODUCT_NAME = "$(TARGET_NAME)";
				SWIFT_EMIT_LOC_STRINGS = NO;
				SWIFT_VERSION = 5.0;
				TARGETED_DEVICE_FAMILY = "1,2";
				TEST_HOST = "$(BUILT_PRODUCTS_DIR)/LoadImageInternet?.app/$(BUNDLE_EXECUTABLE_FOLDER_PATH)/LoadImageInternet?";
			};
			name = Release;
		};
		FF2C48F92D29A6BE00D318B2 /* Debug */ = {
			isa = XCBuildConfiguration;
			buildSettings = {
				CODE_SIGN_STYLE = Automatic;
				CURRENT_PROJECT_VERSION = 1;
				GENERATE_INFOPLIST_FILE = YES;
				MARKETING_VERSION = 1.0;
				PRODUCT_BUNDLE_IDENTIFIER = "com.omerapaydin.LoadImageInternet-UITests";
				PRODUCT_NAME = "$(TARGET_NAME)";
				SWIFT_EMIT_LOC_STRINGS = NO;
				SWIFT_VERSION = 5.0;
				TARGETED_DEVICE_FAMILY = "1,2";
				TEST_TARGET_NAME = "LoadImageInternet?";
			};
			name = Debug;
		};
		FF2C48FA2D29A6BE00D318B2 /* Release */ = {
			isa = XCBuildConfiguration;
			buildSettings = {
				CODE_SIGN_STYLE = Automatic;
				CURRENT_PROJECT_VERSION = 1;
				GENERATE_INFOPLIST_FILE = YES;
				MARKETING_VERSION = 1.0;
				PRODUCT_BUNDLE_IDENTIFIER = "com.omerapaydin.LoadImageInternet-UITests";
				PRODUCT_NAME = "$(TARGET_NAME)";
				SWIFT_EMIT_LOC_STRINGS = NO;
				SWIFT_VERSION = 5.0;
				TARGETED_DEVICE_FAMILY = "1,2";
				TEST_TARGET_NAME = "LoadImageInternet?";
			};
			name = Release;
		};
/* End XCBuildConfiguration section */

/* Begin XCConfigurationList section */
		FF2C48C92D29A6BD00D318B2 /* Build configuration list for PBXProject "LoadImageInternet?" */ = {
			isa = XCConfigurationList;
			buildConfigurations = (
				FF2C48F02D29A6BE00D318B2 /* Debug */,
				FF2C48F12D29A6BE00D318B2 /* Release */,
			);
			defaultConfigurationIsVisible = 0;
			defaultConfigurationName = Release;
		};
		FF2C48F22D29A6BE00D318B2 /* Build configuration list for PBXNativeTarget "LoadImageInternet?" */ = {
			isa = XCConfigurationList;
			buildConfigurations = (
				FF2C48F32D29A6BE00D318B2 /* Debug */,
				FF2C48F42D29A6BE00D318B2 /* Release */,
			);
			defaultConfigurationIsVisible = 0;
			defaultConfigurationName = Release;
		};
		FF2C48F52D29A6BE00D318B2 /* Build configuration list for PBXNativeTarget "LoadImageInternet?Tests" */ = {
			isa = XCConfigurationList;
			buildConfigurations = (
				FF2C48F62D29A6BE00D318B2 /* Debug */,
				FF2C48F72D29A6BE00D318B2 /* Release */,
			);
			defaultConfigurationIsVisible = 0;
			defaultConfigurationName = Release;
		};
		FF2C48F82D29A6BE00D318B2 /* Build configuration list for PBXNativeTarget "LoadImageInternet?UITests" */ = {
			isa = XCConfigurationList;
			buildConfigurations = (
				FF2C48F92D29A6BE00D318B2 /* Debug */,
				FF2C48FA2D29A6BE00D318B2 /* Release */,
			);
			defaultConfigurationIsVisible = 0;
			defaultConfigurationName = Release;
		};
/* End XCConfigurationList section */
	};
	rootObject = FF2C48C62D29A6BD00D318B2 /* Project object */;
}
